dependencies:
- name: ws-gateway
  repository: ""
  version: 1.0.0
- name: ws-server
  repository: ""
  version: 1.0.0
- name: provisioning
  repository: ""
  version: 1.0.0
- name: redpanda
  repository: ""
  version: 1.0.0
- name: valkey
  repository: ""
  version: 1.0.0
- name: nats
  repository: ""
  version: 1.0.0
- name: monitoring
  repository: ""
  version: 1.0.0
digest: sha256:386b34d91d0c2b1d250dbbbcb91f2db1fa844c50b7986f9fc50afed3b02877b8
generated: "2026-01-29T16:23:58.140319+08:00"
