dependencies:
- name: ws-server
  repository: ""
  version: 1.0.0
- name: auth-service
  repository: ""
  version: 1.0.0
- name: redpanda
  repository: ""
  version: 1.0.0
- name: valkey
  repository: ""
  version: 1.0.0
- name: nats
  repository: ""
  version: 1.0.0
- name: publisher
  repository: ""
  version: 1.0.0
- name: monitoring
  repository: ""
  version: 1.0.0
digest: sha256:a8d727e498c7437037083fefffde312ce374dca7f11c619fe563e618c6f01555
generated: "2025-12-19T19:55:52.480254+08:00"
