dependencies:
- name: ws-gateway
  repository: ""
  version: 1.0.0
- name: ws-server
  repository: ""
  version: 1.0.0
- name: redpanda
  repository: ""
  version: 1.0.0
- name: valkey
  repository: ""
  version: 1.0.0
- name: nats
  repository: ""
  version: 1.0.0
- name: publisher
  repository: ""
  version: 1.0.0
- name: monitoring
  repository: ""
  version: 1.0.0
digest: sha256:c80a61de7bacc78a60a3221b7ab9115a0defae998aff0a6dd2288a7637dbfa6a
generated: "2025-12-20T18:27:50.093036+08:00"
